<?xml version="1.0" encoding="UTF-8"?>
<CodeBlocks_project_file>
	<FileVersion major="1" minor="6"/>
	<Project>
		<Option title="bloomProject"/>
		<Option makefile_is_custom="1"/>
		<Option compiler="gcc"/>
		<Option virtualFolders="CMake Files\;CMake Files\dependencies\;CMake Files\dependencies\GLFW\;CMake Files\dependencies\GLFW\CMake\;CMake Files\dependencies\GLFW\CMake\modules\;CMake Files\dependencies\GLFW\src\;CMake Files\..\;CMake Files\..\..\;CMake Files\..\..\..\;CMake Files\..\..\..\..\;CMake Files\..\..\..\..\usr\;CMake Files\..\..\..\..\usr\local\;CMake Files\..\..\..\..\usr\local\lib\;CMake Files\..\..\..\..\usr\local\lib\cmake\;CMake Files\..\..\..\..\usr\local\lib\cmake\assimp-5.0\;"/>
		<Build>
			<Target title="all">
				<Option working_dir="/Users/yuyan95/Downloads/ClionOpenGLSetUp-Mac-master"/>
				<Option type="4"/>
				<MakeCommands>
					<Build command="/usr/bin/make -f &quot;/Users/yuyan95/Downloads/ClionOpenGLSetUp-Mac-master/Makefile&quot;  VERBOSE=1 all"/>
					<CompileFile command="/usr/bin/make -f &quot;/Users/yuyan95/Downloads/ClionOpenGLSetUp-Mac-master/Makefile&quot;  VERBOSE=1 &quot;$file&quot;"/>
					<Clean command="/usr/bin/make -f &quot;/Users/yuyan95/Downloads/ClionOpenGLSetUp-Mac-master/Makefile&quot;  VERBOSE=1 clean"/>
					<DistClean command="/usr/bin/make -f &quot;/Users/yuyan95/Downloads/ClionOpenGLSetUp-Mac-master/Makefile&quot;  VERBOSE=1 clean"/>
				</MakeCommands>
			</Target>
			<Target title="install/strip">
				<Option working_dir="/Users/yuyan95/Downloads/ClionOpenGLSetUp-Mac-master"/>
				<Option type="4"/>
				<MakeCommands>
					<Build command="/usr/bin/make -f &quot;/Users/yuyan95/Downloads/ClionOpenGLSetUp-Mac-master/Makefile&quot;  VERBOSE=1 install/strip"/>
					<CompileFile command="/usr/bin/make -f &quot;/Users/yuyan95/Downloads/ClionOpenGLSetUp-Mac-master/Makefile&quot;  VERBOSE=1 &quot;$file&quot;"/>
					<Clean command="/usr/bin/make -f &quot;/Users/yuyan95/Downloads/ClionOpenGLSetUp-Mac-master/Makefile&quot;  VERBOSE=1 clean"/>
					<DistClean command="/usr/bin/make -f &quot;/Users/yuyan95/Downloads/ClionOpenGLSetUp-Mac-master/Makefile&quot;  VERBOSE=1 clean"/>
				</MakeCommands>
			</Target>
			<Target title="install">
				<Option working_dir="/Users/yuyan95/Downloads/ClionOpenGLSetUp-Mac-master"/>
				<Option type="4"/>
				<MakeCommands>
					<Build command="/usr/bin/make -f &quot;/Users/yuyan95/Downloads/ClionOpenGLSetUp-Mac-master/Makefile&quot;  VERBOSE=1 install"/>
					<CompileFile command="/usr/bin/make -f &quot;/Users/yuyan95/Downloads/ClionOpenGLSetUp-Mac-master/Makefile&quot;  VERBOSE=1 &quot;$file&quot;"/>
					<Clean command="/usr/bin/make -f &quot;/Users/yuyan95/Downloads/ClionOpenGLSetUp-Mac-master/Makefile&quot;  VERBOSE=1 clean"/>
					<DistClean command="/usr/bin/make -f &quot;/Users/yuyan95/Downloads/ClionOpenGLSetUp-Mac-master/Makefile&quot;  VERBOSE=1 clean"/>
				</MakeCommands>
			</Target>
			<Target title="list_install_components">
				<Option working_dir="/Users/yuyan95/Downloads/ClionOpenGLSetUp-Mac-master"/>
				<Option type="4"/>
				<MakeCommands>
					<Build command="/usr/bin/make -f &quot;/Users/yuyan95/Downloads/ClionOpenGLSetUp-Mac-master/Makefile&quot;  VERBOSE=1 list_install_components"/>
					<CompileFile command="/usr/bin/make -f &quot;/Users/yuyan95/Downloads/ClionOpenGLSetUp-Mac-master/Makefile&quot;  VERBOSE=1 &quot;$file&quot;"/>
					<Clean command="/usr/bin/make -f &quot;/Users/yuyan95/Downloads/ClionOpenGLSetUp-Mac-master/Makefile&quot;  VERBOSE=1 clean"/>
					<DistClean command="/usr/bin/make -f &quot;/Users/yuyan95/Downloads/ClionOpenGLSetUp-Mac-master/Makefile&quot;  VERBOSE=1 clean"/>
				</MakeCommands>
			</Target>
			<Target title="rebuild_cache">
				<Option working_dir="/Users/yuyan95/Downloads/ClionOpenGLSetUp-Mac-master"/>
				<Option type="4"/>
				<MakeCommands>
					<Build command="/usr/bin/make -f &quot;/Users/yuyan95/Downloads/ClionOpenGLSetUp-Mac-master/Makefile&quot;  VERBOSE=1 rebuild_cache"/>
					<CompileFile command="/usr/bin/make -f &quot;/Users/yuyan95/Downloads/ClionOpenGLSetUp-Mac-master/Makefile&quot;  VERBOSE=1 &quot;$file&quot;"/>
					<Clean command="/usr/bin/make -f &quot;/Users/yuyan95/Downloads/ClionOpenGLSetUp-Mac-master/Makefile&quot;  VERBOSE=1 clean"/>
					<DistClean command="/usr/bin/make -f &quot;/Users/yuyan95/Downloads/ClionOpenGLSetUp-Mac-master/Makefile&quot;  VERBOSE=1 clean"/>
				</MakeCommands>
			</Target>
			<Target title="edit_cache">
				<Option working_dir="/Users/yuyan95/Downloads/ClionOpenGLSetUp-Mac-master"/>
				<Option type="4"/>
				<MakeCommands>
					<Build command="/usr/bin/make -f &quot;/Users/yuyan95/Downloads/ClionOpenGLSetUp-Mac-master/Makefile&quot;  VERBOSE=1 edit_cache"/>
					<CompileFile command="/usr/bin/make -f &quot;/Users/yuyan95/Downloads/ClionOpenGLSetUp-Mac-master/Makefile&quot;  VERBOSE=1 &quot;$file&quot;"/>
					<Clean command="/usr/bin/make -f &quot;/Users/yuyan95/Downloads/ClionOpenGLSetUp-Mac-master/Makefile&quot;  VERBOSE=1 clean"/>
					<DistClean command="/usr/bin/make -f &quot;/Users/yuyan95/Downloads/ClionOpenGLSetUp-Mac-master/Makefile&quot;  VERBOSE=1 clean"/>
				</MakeCommands>
			</Target>
			<Target title="install/local">
				<Option working_dir="/Users/yuyan95/Downloads/ClionOpenGLSetUp-Mac-master"/>
				<Option type="4"/>
				<MakeCommands>
					<Build command="/usr/bin/make -f &quot;/Users/yuyan95/Downloads/ClionOpenGLSetUp-Mac-master/Makefile&quot;  VERBOSE=1 install/local"/>
					<CompileFile command="/usr/bin/make -f &quot;/Users/yuyan95/Downloads/ClionOpenGLSetUp-Mac-master/Makefile&quot;  VERBOSE=1 &quot;$file&quot;"/>
					<Clean command="/usr/bin/make -f &quot;/Users/yuyan95/Downloads/ClionOpenGLSetUp-Mac-master/Makefile&quot;  VERBOSE=1 clean"/>
					<DistClean command="/usr/bin/make -f &quot;/Users/yuyan95/Downloads/ClionOpenGLSetUp-Mac-master/Makefile&quot;  VERBOSE=1 clean"/>
				</MakeCommands>
			</Target>
			<Target title="bloomProject">
				<Option output="/Users/yuyan95/Downloads/ClionOpenGLSetUp-Mac-master/build/bloomProject" prefix_auto="0" extension_auto="0"/>
				<Option working_dir="/Users/yuyan95/Downloads/ClionOpenGLSetUp-Mac-master/build"/>
				<Option object_output="./"/>
				<Option type="1"/>
				<Option compiler="gcc"/>
				<Compiler>
					<Add directory="/Users/yuyan95/Downloads/ClionOpenGLSetUp-Mac-master/include"/>
					<Add directory="/Users/yuyan95/Downloads/ClionOpenGLSetUp-Mac-master/GLAD/include"/>
					<Add directory="/Users/yuyan95/Downloads/ClionOpenGLSetUp-Mac-master/glm/include"/>
					<Add directory="/Users/yuyan95/Downloads/ClionOpenGLSetUp-Mac-master/assimp"/>
					<Add directory="/Users/yuyan95/Downloads/ClionOpenGLSetUp-Mac-master/dependencies/GLFW/include"/>
				</Compiler>
				<MakeCommands>
					<Build command="/usr/bin/make -f &quot;/Users/yuyan95/Downloads/ClionOpenGLSetUp-Mac-master/Makefile&quot;  VERBOSE=1 bloomProject"/>
					<CompileFile command="/usr/bin/make -f &quot;/Users/yuyan95/Downloads/ClionOpenGLSetUp-Mac-master/Makefile&quot;  VERBOSE=1 &quot;$file&quot;"/>
					<Clean command="/usr/bin/make -f &quot;/Users/yuyan95/Downloads/ClionOpenGLSetUp-Mac-master/Makefile&quot;  VERBOSE=1 clean"/>
					<DistClean command="/usr/bin/make -f &quot;/Users/yuyan95/Downloads/ClionOpenGLSetUp-Mac-master/Makefile&quot;  VERBOSE=1 clean"/>
				</MakeCommands>
			</Target>
			<Target title="bloomProject/fast">
				<Option output="/Users/yuyan95/Downloads/ClionOpenGLSetUp-Mac-master/build/bloomProject" prefix_auto="0" extension_auto="0"/>
				<Option working_dir="/Users/yuyan95/Downloads/ClionOpenGLSetUp-Mac-master/build"/>
				<Option object_output="./"/>
				<Option type="1"/>
				<Option compiler="gcc"/>
				<Compiler>
					<Add directory="/Users/yuyan95/Downloads/ClionOpenGLSetUp-Mac-master/include"/>
					<Add directory="/Users/yuyan95/Downloads/ClionOpenGLSetUp-Mac-master/GLAD/include"/>
					<Add directory="/Users/yuyan95/Downloads/ClionOpenGLSetUp-Mac-master/glm/include"/>
					<Add directory="/Users/yuyan95/Downloads/ClionOpenGLSetUp-Mac-master/assimp"/>
					<Add directory="/Users/yuyan95/Downloads/ClionOpenGLSetUp-Mac-master/dependencies/GLFW/include"/>
				</Compiler>
				<MakeCommands>
					<Build command="/usr/bin/make -f &quot;/Users/yuyan95/Downloads/ClionOpenGLSetUp-Mac-master/Makefile&quot;  VERBOSE=1 bloomProject/fast"/>
					<CompileFile command="/usr/bin/make -f &quot;/Users/yuyan95/Downloads/ClionOpenGLSetUp-Mac-master/Makefile&quot;  VERBOSE=1 &quot;$file&quot;"/>
					<Clean command="/usr/bin/make -f &quot;/Users/yuyan95/Downloads/ClionOpenGLSetUp-Mac-master/Makefile&quot;  VERBOSE=1 clean"/>
					<DistClean command="/usr/bin/make -f &quot;/Users/yuyan95/Downloads/ClionOpenGLSetUp-Mac-master/Makefile&quot;  VERBOSE=1 clean"/>
				</MakeCommands>
			</Target>
			<Target title="uninstall">
				<Option working_dir="/Users/yuyan95/Downloads/ClionOpenGLSetUp-Mac-master/dependencies/GLFW"/>
				<Option type="4"/>
				<MakeCommands>
					<Build command="/usr/bin/make -f &quot;/Users/yuyan95/Downloads/ClionOpenGLSetUp-Mac-master/dependencies/GLFW/Makefile&quot;  VERBOSE=1 uninstall"/>
					<CompileFile command="/usr/bin/make -f &quot;/Users/yuyan95/Downloads/ClionOpenGLSetUp-Mac-master/dependencies/GLFW/Makefile&quot;  VERBOSE=1 &quot;$file&quot;"/>
					<Clean command="/usr/bin/make -f &quot;/Users/yuyan95/Downloads/ClionOpenGLSetUp-Mac-master/dependencies/GLFW/Makefile&quot;  VERBOSE=1 clean"/>
					<DistClean command="/usr/bin/make -f &quot;/Users/yuyan95/Downloads/ClionOpenGLSetUp-Mac-master/dependencies/GLFW/Makefile&quot;  VERBOSE=1 clean"/>
				</MakeCommands>
			</Target>
			<Target title="glfw">
				<Option output="/Users/yuyan95/Downloads/ClionOpenGLSetUp-Mac-master/dependencies/GLFW/src/libglfw3.a" prefix_auto="0" extension_auto="0"/>
				<Option working_dir="/Users/yuyan95/Downloads/ClionOpenGLSetUp-Mac-master/dependencies/GLFW/src"/>
				<Option object_output="./"/>
				<Option type="2"/>
				<Option compiler="gcc"/>
				<Compiler>
					<Add option="-D_GLFW_USE_CONFIG_H"/>
					<Add directory="/Users/yuyan95/Downloads/ClionOpenGLSetUp-Mac-master/include"/>
					<Add directory="/Users/yuyan95/Downloads/ClionOpenGLSetUp-Mac-master/GLAD/include"/>
					<Add directory="/Users/yuyan95/Downloads/ClionOpenGLSetUp-Mac-master/glm/include"/>
					<Add directory="/Users/yuyan95/Downloads/ClionOpenGLSetUp-Mac-master/assimp"/>
					<Add directory="/Users/yuyan95/Downloads/ClionOpenGLSetUp-Mac-master/dependencies/GLFW/include"/>
					<Add directory="/Users/yuyan95/Downloads/ClionOpenGLSetUp-Mac-master/dependencies/GLFW/src"/>
				</Compiler>
				<MakeCommands>
					<Build command="/usr/bin/make -f &quot;/Users/yuyan95/Downloads/ClionOpenGLSetUp-Mac-master/dependencies/GLFW/src/Makefile&quot;  VERBOSE=1 glfw"/>
					<CompileFile command="/usr/bin/make -f &quot;/Users/yuyan95/Downloads/ClionOpenGLSetUp-Mac-master/dependencies/GLFW/src/Makefile&quot;  VERBOSE=1 &quot;$file&quot;"/>
					<Clean command="/usr/bin/make -f &quot;/Users/yuyan95/Downloads/ClionOpenGLSetUp-Mac-master/dependencies/GLFW/src/Makefile&quot;  VERBOSE=1 clean"/>
					<DistClean command="/usr/bin/make -f &quot;/Users/yuyan95/Downloads/ClionOpenGLSetUp-Mac-master/dependencies/GLFW/src/Makefile&quot;  VERBOSE=1 clean"/>
				</MakeCommands>
			</Target>
			<Target title="glfw/fast">
				<Option output="/Users/yuyan95/Downloads/ClionOpenGLSetUp-Mac-master/dependencies/GLFW/src/libglfw3.a" prefix_auto="0" extension_auto="0"/>
				<Option working_dir="/Users/yuyan95/Downloads/ClionOpenGLSetUp-Mac-master/dependencies/GLFW/src"/>
				<Option object_output="./"/>
				<Option type="2"/>
				<Option compiler="gcc"/>
				<Compiler>
					<Add option="-D_GLFW_USE_CONFIG_H"/>
					<Add directory="/Users/yuyan95/Downloads/ClionOpenGLSetUp-Mac-master/include"/>
					<Add directory="/Users/yuyan95/Downloads/ClionOpenGLSetUp-Mac-master/GLAD/include"/>
					<Add directory="/Users/yuyan95/Downloads/ClionOpenGLSetUp-Mac-master/glm/include"/>
					<Add directory="/Users/yuyan95/Downloads/ClionOpenGLSetUp-Mac-master/assimp"/>
					<Add directory="/Users/yuyan95/Downloads/ClionOpenGLSetUp-Mac-master/dependencies/GLFW/include"/>
					<Add directory="/Users/yuyan95/Downloads/ClionOpenGLSetUp-Mac-master/dependencies/GLFW/src"/>
				</Compiler>
				<MakeCommands>
					<Build command="/usr/bin/make -f &quot;/Users/yuyan95/Downloads/ClionOpenGLSetUp-Mac-master/dependencies/GLFW/src/Makefile&quot;  VERBOSE=1 glfw/fast"/>
					<CompileFile command="/usr/bin/make -f &quot;/Users/yuyan95/Downloads/ClionOpenGLSetUp-Mac-master/dependencies/GLFW/src/Makefile&quot;  VERBOSE=1 &quot;$file&quot;"/>
					<Clean command="/usr/bin/make -f &quot;/Users/yuyan95/Downloads/ClionOpenGLSetUp-Mac-master/dependencies/GLFW/src/Makefile&quot;  VERBOSE=1 clean"/>
					<DistClean command="/usr/bin/make -f &quot;/Users/yuyan95/Downloads/ClionOpenGLSetUp-Mac-master/dependencies/GLFW/src/Makefile&quot;  VERBOSE=1 clean"/>
				</MakeCommands>
			</Target>
		</Build>
		<Unit filename="/Users/yuyan95/Downloads/ClionOpenGLSetUp-Mac-master/GLAD/src/glad.c">
			<Option target="bloomProject"/>
		</Unit>
		<Unit filename="/Users/yuyan95/Downloads/ClionOpenGLSetUp-Mac-master/dependencies/GLFW/include/GLFW/glfw3.h">
			<Option target="glfw"/>
		</Unit>
		<Unit filename="/Users/yuyan95/Downloads/ClionOpenGLSetUp-Mac-master/dependencies/GLFW/include/GLFW/glfw3native.h">
			<Option target="glfw"/>
		</Unit>
		<Unit filename="/Users/yuyan95/Downloads/ClionOpenGLSetUp-Mac-master/dependencies/GLFW/src/cocoa_init.m">
			<Option target="glfw"/>
		</Unit>
		<Unit filename="/Users/yuyan95/Downloads/ClionOpenGLSetUp-Mac-master/dependencies/GLFW/src/cocoa_joystick.h">
			<Option target="glfw"/>
		</Unit>
		<Unit filename="/Users/yuyan95/Downloads/ClionOpenGLSetUp-Mac-master/dependencies/GLFW/src/cocoa_joystick.m">
			<Option target="glfw"/>
		</Unit>
		<Unit filename="/Users/yuyan95/Downloads/ClionOpenGLSetUp-Mac-master/dependencies/GLFW/src/cocoa_monitor.m">
			<Option target="glfw"/>
		</Unit>
		<Unit filename="/Users/yuyan95/Downloads/ClionOpenGLSetUp-Mac-master/dependencies/GLFW/src/cocoa_platform.h">
			<Option target="glfw"/>
		</Unit>
		<Unit filename="/Users/yuyan95/Downloads/ClionOpenGLSetUp-Mac-master/dependencies/GLFW/src/cocoa_time.c">
			<Option target="glfw"/>
		</Unit>
		<Unit filename="/Users/yuyan95/Downloads/ClionOpenGLSetUp-Mac-master/dependencies/GLFW/src/cocoa_window.m">
			<Option target="glfw"/>
		</Unit>
		<Unit filename="/Users/yuyan95/Downloads/ClionOpenGLSetUp-Mac-master/dependencies/GLFW/src/context.c">
			<Option target="glfw"/>
		</Unit>
		<Unit filename="/Users/yuyan95/Downloads/ClionOpenGLSetUp-Mac-master/dependencies/GLFW/src/egl_context.c">
			<Option target="glfw"/>
		</Unit>
		<Unit filename="/Users/yuyan95/Downloads/ClionOpenGLSetUp-Mac-master/dependencies/GLFW/src/egl_context.h">
			<Option target="glfw"/>
		</Unit>
		<Unit filename="/Users/yuyan95/Downloads/ClionOpenGLSetUp-Mac-master/dependencies/GLFW/src/glfw_config.h">
			<Option target="glfw"/>
		</Unit>
		<Unit filename="/Users/yuyan95/Downloads/ClionOpenGLSetUp-Mac-master/dependencies/GLFW/src/init.c">
			<Option target="glfw"/>
		</Unit>
		<Unit filename="/Users/yuyan95/Downloads/ClionOpenGLSetUp-Mac-master/dependencies/GLFW/src/input.c">
			<Option target="glfw"/>
		</Unit>
		<Unit filename="/Users/yuyan95/Downloads/ClionOpenGLSetUp-Mac-master/dependencies/GLFW/src/internal.h">
			<Option target="glfw"/>
		</Unit>
		<Unit filename="/Users/yuyan95/Downloads/ClionOpenGLSetUp-Mac-master/dependencies/GLFW/src/monitor.c">
			<Option target="glfw"/>
		</Unit>
		<Unit filename="/Users/yuyan95/Downloads/ClionOpenGLSetUp-Mac-master/dependencies/GLFW/src/nsgl_context.h">
			<Option target="glfw"/>
		</Unit>
		<Unit filename="/Users/yuyan95/Downloads/ClionOpenGLSetUp-Mac-master/dependencies/GLFW/src/nsgl_context.m">
			<Option target="glfw"/>
		</Unit>
		<Unit filename="/Users/yuyan95/Downloads/ClionOpenGLSetUp-Mac-master/dependencies/GLFW/src/osmesa_context.c">
			<Option target="glfw"/>
		</Unit>
		<Unit filename="/Users/yuyan95/Downloads/ClionOpenGLSetUp-Mac-master/dependencies/GLFW/src/osmesa_context.h">
			<Option target="glfw"/>
		</Unit>
		<Unit filename="/Users/yuyan95/Downloads/ClionOpenGLSetUp-Mac-master/dependencies/GLFW/src/posix_thread.c">
			<Option target="glfw"/>
		</Unit>
		<Unit filename="/Users/yuyan95/Downloads/ClionOpenGLSetUp-Mac-master/dependencies/GLFW/src/posix_thread.h">
			<Option target="glfw"/>
		</Unit>
		<Unit filename="/Users/yuyan95/Downloads/ClionOpenGLSetUp-Mac-master/dependencies/GLFW/src/vulkan.c">
			<Option target="glfw"/>
		</Unit>
		<Unit filename="/Users/yuyan95/Downloads/ClionOpenGLSetUp-Mac-master/dependencies/GLFW/src/window.c">
			<Option target="glfw"/>
		</Unit>
		<Unit filename="/Users/yuyan95/Downloads/ClionOpenGLSetUp-Mac-master/main.cpp">
			<Option target="bloomProject"/>
		</Unit>
		<Unit filename="/Users/yuyan95/Downloads/ClionOpenGLSetUp-Mac-master/CMakeLists.txt">
			<Option virtualFolder="CMake Files\"/>
		</Unit>
		<Unit filename="/Users/yuyan95/Downloads/ClionOpenGLSetUp-Mac-master/dependencies/CMakeLists.txt">
			<Option virtualFolder="CMake Files\dependencies\"/>
		</Unit>
		<Unit filename="/Users/yuyan95/Downloads/ClionOpenGLSetUp-Mac-master/dependencies/GLFW/CMakeLists.txt">
			<Option virtualFolder="CMake Files\dependencies\GLFW\"/>
		</Unit>
		<Unit filename="/Users/yuyan95/Downloads/ClionOpenGLSetUp-Mac-master/dependencies/GLFW/cmake_uninstall.cmake.in">
			<Option virtualFolder="CMake Files\dependencies\GLFW\"/>
		</Unit>
		<Unit filename="/Users/yuyan95/Downloads/ClionOpenGLSetUp-Mac-master/dependencies/GLFW/CMake/modules/FindVulkan.cmake">
			<Option virtualFolder="CMake Files\dependencies\GLFW\CMake\modules\"/>
		</Unit>
		<Unit filename="/Users/yuyan95/Downloads/ClionOpenGLSetUp-Mac-master/dependencies/GLFW/src/CMakeLists.txt">
			<Option virtualFolder="CMake Files\dependencies\GLFW\src\"/>
		</Unit>
		<Unit filename="/Users/yuyan95/Downloads/ClionOpenGLSetUp-Mac-master/dependencies/GLFW/src/glfw3.pc.in">
			<Option virtualFolder="CMake Files\dependencies\GLFW\src\"/>
		</Unit>
		<Unit filename="/Users/yuyan95/Downloads/ClionOpenGLSetUp-Mac-master/dependencies/GLFW/src/glfw3Config.cmake.in">
			<Option virtualFolder="CMake Files\dependencies\GLFW\src\"/>
		</Unit>
		<Unit filename="/Users/yuyan95/Downloads/ClionOpenGLSetUp-Mac-master/dependencies/GLFW/src/glfw_config.h.in">
			<Option virtualFolder="CMake Files\dependencies\GLFW\src\"/>
		</Unit>
		<Unit filename="/Users/yuyan95/Downloads/ClionOpenGLSetUp-Mac-master/../../../../usr/local/lib/cmake/assimp-5.0/assimp-config-version.cmake">
			<Option virtualFolder="CMake Files\..\..\..\..\usr\local\lib\cmake\assimp-5.0\"/>
		</Unit>
		<Unit filename="/Users/yuyan95/Downloads/ClionOpenGLSetUp-Mac-master/../../../../usr/local/lib/cmake/assimp-5.0/assimp-config.cmake">
			<Option virtualFolder="CMake Files\..\..\..\..\usr\local\lib\cmake\assimp-5.0\"/>
		</Unit>
		<Unit filename="/Users/yuyan95/Downloads/ClionOpenGLSetUp-Mac-master/../../../../usr/local/lib/cmake/assimp-5.0/assimpTargets-release.cmake">
			<Option virtualFolder="CMake Files\..\..\..\..\usr\local\lib\cmake\assimp-5.0\"/>
		</Unit>
		<Unit filename="/Users/yuyan95/Downloads/ClionOpenGLSetUp-Mac-master/../../../../usr/local/lib/cmake/assimp-5.0/assimpTargets.cmake">
			<Option virtualFolder="CMake Files\..\..\..\..\usr\local\lib\cmake\assimp-5.0\"/>
		</Unit>
	</Project>
</CodeBlocks_project_file>
